// !$*UTF8*$!
{
	archiveVersion = 1;
	classes = {
	};
	objectVersion = 52;
	objects = {

/* Begin PBXBuildFile section */
		4714C0D8269E0E750025196C /* ContentHeader.swift in Sources */ = {isa = PBXBuildFile; fileRef = 4714C0D7269E0E750025196C /* ContentHeader.swift */; };
		4714C0DA269E1BC90025196C /* UITraitCollection+Inverted.swift in Sources */ = {isa = PBXBuildFile; fileRef = 4714C0D9269E1BC90025196C /* UITraitCollection+Inverted.swift */; };
		4714C0DC269E1D120025196C /* UIColor+Inverted.swift in Sources */ = {isa = PBXBuildFile; fileRef = 4714C0DB269E1D120025196C /* UIColor+Inverted.swift */; };
		4714C0DE269E1FB40025196C /* BackgroundView.swift in Sources */ = {isa = PBXBuildFile; fileRef = 4714C0DD269E1FB40025196C /* BackgroundView.swift */; };
		4714C0E0269E25720025196C /* FooterCell.swift in Sources */ = {isa = PBXBuildFile; fileRef = 4714C0DF269E25720025196C /* FooterCell.swift */; };
		4714C0E2269E54DB0025196C /* UITextView+Helpers.swift in Sources */ = {isa = PBXBuildFile; fileRef = 4714C0E1269E54DB0025196C /* UITextView+Helpers.swift */; };
		478D794B269B895F00910A34 /* AppDelegate.swift in Sources */ = {isa = PBXBuildFile; fileRef = 478D794A269B895F00910A34 /* AppDelegate.swift */; };
		478D794D269B895F00910A34 /* SceneDelegate.swift in Sources */ = {isa = PBXBuildFile; fileRef = 478D794C269B895F00910A34 /* SceneDelegate.swift */; };
		478D794F269B895F00910A34 /* HomeViewController.swift in Sources */ = {isa = PBXBuildFile; fileRef = 478D794E269B895F00910A34 /* HomeViewController.swift */; };
		478D7952269B895F00910A34 /* Main.storyboard in Resources */ = {isa = PBXBuildFile; fileRef = 478D7950269B895F00910A34 /* Main.storyboard */; };
		478D7957269B896000910A34 /* LaunchScreen.storyboard in Resources */ = {isa = PBXBuildFile; fileRef = 478D7955269B896000910A34 /* LaunchScreen.storyboard */; };
		478D795F269B8C1A00910A34 /* Assets.xcassets in Resources */ = {isa = PBXBuildFile; fileRef = 478D795E269B8C1A00910A34 /* Assets.xcassets */; };
		478D7963269B903700910A34 /* Anchorage in Frameworks */ = {isa = PBXBuildFile; productRef = 478D7962269B903700910A34 /* Anchorage */; };
		478D7965269B907400910A34 /* ProgrammaticView.swift in Sources */ = {isa = PBXBuildFile; fileRef = 478D7964269B907400910A34 /* ProgrammaticView.swift */; };
		478D7968269B918000910A34 /* UIView+Helpers.swift in Sources */ = {isa = PBXBuildFile; fileRef = 478D7967269B918000910A34 /* UIView+Helpers.swift */; };
		478D796A269B91D800910A34 /* UIStackView+Helpers.swift in Sources */ = {isa = PBXBuildFile; fileRef = 478D7969269B91D800910A34 /* UIStackView+Helpers.swift */; };
		478D796C269B924B00910A34 /* UIImage+Helpers.swift in Sources */ = {isa = PBXBuildFile; fileRef = 478D796B269B924B00910A34 /* UIImage+Helpers.swift */; };
		478D796E269B92E000910A34 /* UIFont+Custom.swift in Sources */ = {isa = PBXBuildFile; fileRef = 478D796D269B92E000910A34 /* UIFont+Custom.swift */; };
		478D7970269B946000910A34 /* HomeView.swift in Sources */ = {isa = PBXBuildFile; fileRef = 478D796F269B946000910A34 /* HomeView.swift */; };
		478D7972269B954F00910A34 /* HeaderView.swift in Sources */ = {isa = PBXBuildFile; fileRef = 478D7971269B954F00910A34 /* HeaderView.swift */; };
		478D7975269B964400910A34 /* Content.swift in Sources */ = {isa = PBXBuildFile; fileRef = 478D7974269B964400910A34 /* Content.swift */; };
		478D7978269B995900910A34 /* SmallSquareCell.swift in Sources */ = {isa = PBXBuildFile; fileRef = 478D7977269B995900910A34 /* SmallSquareCell.swift */; };
		478D797A269BA48E00910A34 /* NSCollectionLayoutSection+Layouts.swift in Sources */ = {isa = PBXBuildFile; fileRef = 478D7979269BA48E00910A34 /* NSCollectionLayoutSection+Layouts.swift */; };
		47AEB37B269DAA0200EE5997 /* ContentCell.swift in Sources */ = {isa = PBXBuildFile; fileRef = 47AEB37A269DAA0200EE5997 /* ContentCell.swift */; };
		47AEB37D269DAF4000EE5997 /* LargeSquareCell.swift in Sources */ = {isa = PBXBuildFile; fileRef = 47AEB37C269DAF4000EE5997 /* LargeSquareCell.swift */; };
/* End PBXBuildFile section */

/* Begin PBXFileReference section */
		4714C0D7269E0E750025196C /* ContentHeader.swift */ = {isa = PBXFileReference; lastKnownFileType = sourcecode.swift; path = ContentHeader.swift; sourceTree = "<group>"; };
		4714C0D9269E1BC90025196C /* UITraitCollection+Inverted.swift */ = {isa = PBXFileReference; lastKnownFileType = sourcecode.swift; path = "UITraitCollection+Inverted.swift"; sourceTree = "<group>"; };
		4714C0DB269E1D120025196C /* UIColor+Inverted.swift */ = {isa = PBXFileReference; lastKnownFileType = sourcecode.swift; path = "UIColor+Inverted.swift"; sourceTree = "<group>"; };
		4714C0DD269E1FB40025196C /* BackgroundView.swift */ = {isa = PBXFileReference; lastKnownFileType = sourcecode.swift; path = BackgroundView.swift; sourceTree = "<group>"; };
		4714C0DF269E25720025196C /* FooterCell.swift */ = {isa = PBXFileReference; lastKnownFileType = sourcecode.swift; path = FooterCell.swift; sourceTree = "<group>"; };
		4714C0E1269E54DB0025196C /* UITextView+Helpers.swift */ = {isa = PBXFileReference; lastKnownFileType = sourcecode.swift; path = "UITextView+Helpers.swift"; sourceTree = "<group>"; };
		478D7947269B895F00910A34 /* AirBnb Scroll.app */ = {isa = PBXFileReference; explicitFileType = wrapper.application; includeInIndex = 0; path = "AirBnb Scroll.app"; sourceTree = BUILT_PRODUCTS_DIR; };
		478D794A269B895F00910A34 /* AppDelegate.swift */ = {isa = PBXFileReference; lastKnownFileType = sourcecode.swift; path = AppDelegate.swift; sourceTree = "<group>"; };
		478D794C269B895F00910A34 /* SceneDelegate.swift */ = {isa = PBXFileReference; lastKnownFileType = sourcecode.swift; path = SceneDelegate.swift; sourceTree = "<group>"; };
		478D794E269B895F00910A34 /* HomeViewController.swift */ = {isa = PBXFileReference; lastKnownFileType = sourcecode.swift; path = HomeViewController.swift; sourceTree = "<group>"; };
		478D7951269B895F00910A34 /* Base */ = {isa = PBXFileReference; lastKnownFileType = file.storyboard; name = Base; path = Base.lproj/Main.storyboard; sourceTree = "<group>"; };
		478D7956269B896000910A34 /* Base */ = {isa = PBXFileReference; lastKnownFileType = file.storyboard; name = Base; path = Base.lproj/LaunchScreen.storyboard; sourceTree = "<group>"; };
		478D7958269B896000910A34 /* Info.plist */ = {isa = PBXFileReference; lastKnownFileType = text.plist.xml; path = Info.plist; sourceTree = "<group>"; };
		478D795E269B8C1A00910A34 /* Assets.xcassets */ = {isa = PBXFileReference; lastKnownFileType = folder.assetcatalog; path = Assets.xcassets; sourceTree = "<group>"; };
		478D7964269B907400910A34 /* ProgrammaticView.swift */ = {isa = PBXFileReference; lastKnownFileType = sourcecode.swift; path = ProgrammaticView.swift; sourceTree = "<group>"; };
		478D7967269B918000910A34 /* UIView+Helpers.swift */ = {isa = PBXFileReference; lastKnownFileType = sourcecode.swift; path = "UIView+Helpers.swift"; sourceTree = "<group>"; };
		478D7969269B91D800910A34 /* UIStackView+Helpers.swift */ = {isa = PBXFileReference; lastKnownFileType = sourcecode.swift; path = "UIStackView+Helpers.swift"; sourceTree = "<group>"; };
		478D796B269B924B00910A34 /* UIImage+Helpers.swift */ = {isa = PBXFileReference; lastKnownFileType = sourcecode.swift; path = "UIImage+Helpers.swift"; sourceTree = "<group>"; };
		478D796D269B92E000910A34 /* UIFont+Custom.swift */ = {isa = PBXFileReference; lastKnownFileType = sourcecode.swift; path = "UIFont+Custom.swift"; sourceTree = "<group>"; };
		478D796F269B946000910A34 /* HomeView.swift */ = {isa = PBXFileReference; lastKnownFileType = sourcecode.swift; path = HomeView.swift; sourceTree = "<group>"; };
		478D7971269B954F00910A34 /* HeaderView.swift */ = {isa = PBXFileReference; lastKnownFileType = sourcecode.swift; path = HeaderView.swift; sourceTree = "<group>"; };
		478D7974269B964400910A34 /* Content.swift */ = {isa = PBXFileReference; lastKnownFileType = sourcecode.swift; path = Content.swift; sourceTree = "<group>"; };
		478D7977269B995900910A34 /* SmallSquareCell.swift */ = {isa = PBXFileReference; lastKnownFileType = sourcecode.swift; path = SmallSquareCell.swift; sourceTree = "<group>"; };
		478D7979269BA48E00910A34 /* NSCollectionLayoutSection+Layouts.swift */ = {isa = PBXFileReference; lastKnownFileType = sourcecode.swift; path = "NSCollectionLayoutSection+Layouts.swift"; sourceTree = "<group>"; };
		47AEB37A269DAA0200EE5997 /* ContentCell.swift */ = {isa = PBXFileReference; lastKnownFileType = sourcecode.swift; path = ContentCell.swift; sourceTree = "<group>"; };
		47AEB37C269DAF4000EE5997 /* LargeSquareCell.swift */ = {isa = PBXFileReference; lastKnownFileType = sourcecode.swift; path = LargeSquareCell.swift; sourceTree = "<group>"; };
/* End PBXFileReference section */

/* Begin PBXFrameworksBuildPhase section */
		478D7944269B895F00910A34 /* Frameworks */ = {
			isa = PBXFrameworksBuildPhase;
			buildActionMask = 2147483647;
			files = (
				478D7963269B903700910A34 /* Anchorage in Frameworks */,
			);
			runOnlyForDeploymentPostprocessing = 0;
		};
/* End PBXFrameworksBuildPhase section */

/* Begin PBXGroup section */
		478D793E269B895F00910A34 = {
			isa = PBXGroup;
			children = (
				478D7949269B895F00910A34 /* AirBnb Scroll */,
				478D7948269B895F00910A34 /* Products */,
			);
			sourceTree = "<group>";
		};
		478D7948269B895F00910A34 /* Products */ = {
			isa = PBXGroup;
			children = (
				478D7947269B895F00910A34 /* AirBnb Scroll.app */,
			);
			name = Products;
			sourceTree = "<group>";
		};
		478D7949269B895F00910A34 /* AirBnb Scroll */ = {
			isa = PBXGroup;
			children = (
				478D7976269B993D00910A34 /* CollectionViewElements */,
				478D7973269B963500910A34 /* Model */,
				478D7966269B916F00910A34 /* Extensions */,
				478D7960269B8C6100910A34 /* Resources */,
				478D794E269B895F00910A34 /* HomeViewController.swift */,
				478D7964269B907400910A34 /* ProgrammaticView.swift */,
				478D796F269B946000910A34 /* HomeView.swift */,
				478D7971269B954F00910A34 /* HeaderView.swift */,
			);
			path = "AirBnb Scroll";
			sourceTree = "<group>";
		};
		478D7960269B8C6100910A34 /* Resources */ = {
			isa = PBXGroup;
			children = (
				478D794A269B895F00910A34 /* AppDelegate.swift */,
				478D794C269B895F00910A34 /* SceneDelegate.swift */,
				478D7950269B895F00910A34 /* Main.storyboard */,
				478D7955269B896000910A34 /* LaunchScreen.storyboard */,
				478D795E269B8C1A00910A34 /* Assets.xcassets */,
				478D7958269B896000910A34 /* Info.plist */,
			);
			path = Resources;
			sourceTree = "<group>";
		};
		478D7966269B916F00910A34 /* Extensions */ = {
			isa = PBXGroup;
			children = (
				478D7967269B918000910A34 /* UIView+Helpers.swift */,
				478D7969269B91D800910A34 /* UIStackView+Helpers.swift */,
				478D796B269B924B00910A34 /* UIImage+Helpers.swift */,
				478D796D269B92E000910A34 /* UIFont+Custom.swift */,
				4714C0D9269E1BC90025196C /* UITraitCollection+Inverted.swift */,
				4714C0DB269E1D120025196C /* UIColor+Inverted.swift */,
				4714C0E1269E54DB0025196C /* UITextView+Helpers.swift */,
			);
			path = Extensions;
			sourceTree = "<group>";
		};
		478D7973269B963500910A34 /* Model */ = {
			isa = PBXGroup;
			children = (
				478D7974269B964400910A34 /* Content.swift */,
			);
			path = Model;
			sourceTree = "<group>";
		};
		478D7976269B993D00910A34 /* CollectionViewElements */ = {
			isa = PBXGroup;
			children = (
				478D7979269BA48E00910A34 /* NSCollectionLayoutSection+Layouts.swift */,
				47AEB37A269DAA0200EE5997 /* ContentCell.swift */,
				4714C0D7269E0E750025196C /* ContentHeader.swift */,
				47AEB37C269DAF4000EE5997 /* LargeSquareCell.swift */,
				478D7977269B995900910A34 /* SmallSquareCell.swift */,
				4714C0DD269E1FB40025196C /* BackgroundView.swift */,
				4714C0DF269E25720025196C /* FooterCell.swift */,
			);
			path = CollectionViewElements;
			sourceTree = "<group>";
		};
/* End PBXGroup section */

/* Begin PBXNativeTarget section */
		478D7946269B895F00910A34 /* AirBnb Scroll */ = {
			isa = PBXNativeTarget;
			buildConfigurationList = 478D795B269B896000910A34 /* Build configuration list for PBXNativeTarget "AirBnb Scroll" */;
			buildPhases = (
				478D7943269B895F00910A34 /* Sources */,
				478D7944269B895F00910A34 /* Frameworks */,
				478D7945269B895F00910A34 /* Resources */,
			);
			buildRules = (
			);
			dependencies = (
			);
			name = "AirBnb Scroll";
			packageProductDependencies = (
				478D7962269B903700910A34 /* Anchorage */,
			);
			productName = "AirBnb Scroll";
			productReference = 478D7947269B895F00910A34 /* AirBnb Scroll.app */;
			productType = "com.apple.product-type.application";
		};
/* End PBXNativeTarget section */

/* Begin PBXProject section */
		478D793F269B895F00910A34 /* Project object */ = {
			isa = PBXProject;
			attributes = {
				LastSwiftUpdateCheck = 1250;
				LastUpgradeCheck = 1250;
				TargetAttributes = {
					478D7946269B895F00910A34 = {
						CreatedOnToolsVersion = 12.5;
					};
				};
			};
			buildConfigurationList = 478D7942269B895F00910A34 /* Build configuration list for PBXProject "AirBnb Scroll" */;
			compatibilityVersion = "Xcode 9.3";
			developmentRegion = en;
			hasScannedForEncodings = 0;
			knownRegions = (
				en,
				Base,
			);
			mainGroup = 478D793E269B895F00910A34;
			packageReferences = (
				478D7961269B903600910A34 /* XCRemoteSwiftPackageReference "Anchorage" */,
			);
			productRefGroup = 478D7948269B895F00910A34 /* Products */;
			projectDirPath = "";
			projectRoot = "";
			targets = (
				478D7946269B895F00910A34 /* AirBnb Scroll */,
			);
		};
/* End PBXProject section */

/* Begin PBXResourcesBuildPhase section */
		478D7945269B895F00910A34 /* Resources */ = {
			isa = PBXResourcesBuildPhase;
			buildActionMask = 2147483647;
			files = (
				478D7957269B896000910A34 /* LaunchScreen.storyboard in Resources */,
				478D795F269B8C1A00910A34 /* Assets.xcassets in Resources */,
				478D7952269B895F00910A34 /* Main.storyboard in Resources */,
			);
			runOnlyForDeploymentPostprocessing = 0;
		};
/* End PBXResourcesBuildPhase section */

/* Begin PBXSourcesBuildPhase section */
		478D7943269B895F00910A34 /* Sources */ = {
			isa = PBXSourcesBuildPhase;
			buildActionMask = 2147483647;
			files = (
				478D7970269B946000910A34 /* HomeView.swift in Sources */,
				47AEB37B269DAA0200EE5997 /* ContentCell.swift in Sources */,
				4714C0D8269E0E750025196C /* ContentHeader.swift in Sources */,
				47AEB37D269DAF4000EE5997 /* LargeSquareCell.swift in Sources */,
				4714C0E2269E54DB0025196C /* UITextView+Helpers.swift in Sources */,
				478D7968269B918000910A34 /* UIView+Helpers.swift in Sources */,
				4714C0DA269E1BC90025196C /* UITraitCollection+Inverted.swift in Sources */,
				478D7978269B995900910A34 /* SmallSquareCell.swift in Sources */,
				478D796E269B92E000910A34 /* UIFont+Custom.swift in Sources */,
				4714C0DC269E1D120025196C /* UIColor+Inverted.swift in Sources */,
				478D7975269B964400910A34 /* Content.swift in Sources */,
				4714C0E0269E25720025196C /* FooterCell.swift in Sources */,
				478D794F269B895F00910A34 /* HomeViewController.swift in Sources */,
				478D794B269B895F00910A34 /* AppDelegate.swift in Sources */,
				478D7972269B954F00910A34 /* HeaderView.swift in Sources */,
				478D796C269B924B00910A34 /* UIImage+Helpers.swift in Sources */,
				478D796A269B91D800910A34 /* UIStackView+Helpers.swift in Sources */,
				478D7965269B907400910A34 /* ProgrammaticView.swift in Sources */,
				478D794D269B895F00910A34 /* SceneDelegate.swift in Sources */,
				4714C0DE269E1FB40025196C /* BackgroundView.swift in Sources */,
				478D797A269BA48E00910A34 /* NSCollectionLayoutSection+Layouts.swift in Sources */,
			);
			runOnlyForDeploymentPostprocessing = 0;
		};
/* End PBXSourcesBuildPhase section */

/* Begin PBXVariantGroup section */
		478D7950269B895F00910A34 /* Main.storyboard */ = {
			isa = PBXVariantGroup;
			children = (
				478D7951269B895F00910A34 /* Base */,
			);
			name = Main.storyboard;
			sourceTree = "<group>";
		};
		478D7955269B896000910A34 /* LaunchScreen.storyboard */ = {
			isa = PBXVariantGroup;
			children = (
				478D7956269B896000910A34 /* Base */,
			);
			name = LaunchScreen.storyboard;
			sourceTree = "<group>";
		};
/* End PBXVariantGroup section */

/* Begin XCBuildConfiguration section */
		478D7959269B896000910A34 /* Debug */ = {
			isa = XCBuildConfiguration;
			buildSettings = {
				ALWAYS_SEARCH_USER_PATHS = NO;
				CLANG_ANALYZER_NONNULL = YES;
				CLANG_ANALYZER_NUMBER_OBJECT_CONVERSION = YES_AGGRESSIVE;
				CLANG_CXX_LANGUAGE_STANDARD = "gnu++14";
				CLANG_CXX_LIBRARY = "libc++";
				CLANG_ENABLE_MODULES = YES;
				CLANG_ENABLE_OBJC_ARC = YES;
				CLANG_ENABLE_OBJC_WEAK = YES;
				CLANG_WARN_BLOCK_CAPTURE_AUTORELEASING = YES;
				CLANG_WARN_BOOL_CONVERSION = YES;
				CLANG_WARN_COMMA = YES;
				CLANG_WARN_CONSTANT_CONVERSION = YES;
				CLANG_WARN_DEPRECATED_OBJC_IMPLEMENTATIONS = YES;
				CLANG_WARN_DIRECT_OBJC_ISA_USAGE = YES_ERROR;
				CLANG_WARN_DOCUMENTATION_COMMENTS = YES;
				CLANG_WARN_EMPTY_BODY = YES;
				CLANG_WARN_ENUM_CONVERSION = YES;
				CLANG_WARN_INFINITE_RECURSION = YES;
				CLANG_WARN_INT_CONVERSION = YES;
				CLANG_WARN_NON_LITERAL_NULL_CONVERSION = YES;
				CLANG_WARN_OBJC_IMPLICIT_RETAIN_SELF = YES;
				CLANG_WARN_OBJC_LITERAL_CONVERSION = YES;
				CLANG_WARN_OBJC_ROOT_CLASS = YES_ERROR;
				CLANG_WARN_QUOTED_INCLUDE_IN_FRAMEWORK_HEADER = YES;
				CLANG_WARN_RANGE_LOOP_ANALYSIS = YES;
				CLANG_WARN_STRICT_PROTOTYPES = YES;
				CLANG_WARN_SUSPICIOUS_MOVE = YES;
				CLANG_WARN_UNGUARDED_AVAILABILITY = YES_AGGRESSIVE;
				CLANG_WARN_UNREACHABLE_CODE = YES;
				CLANG_WARN__DUPLICATE_METHOD_MATCH = YES;
				COPY_PHASE_STRIP = NO;
				DEBUG_INFORMATION_FORMAT = dwarf;
				ENABLE_STRICT_OBJC_MSGSEND = YES;
				ENABLE_TESTABILITY = YES;
				GCC_C_LANGUAGE_STANDARD = gnu11;
				GCC_DYNAMIC_NO_PIC = NO;
				GCC_NO_COMMON_BLOCKS = YES;
				GCC_OPTIMIZATION_LEVEL = 0;
				GCC_PREPROCESSOR_DEFINITIONS = (
					"DEBUG=1",
					"$(inherited)",
				);
				GCC_WARN_64_TO_32_BIT_CONVERSION = YES;
				GCC_WARN_ABOUT_RETURN_TYPE = YES_ERROR;
				GCC_WARN_UNDECLARED_SELECTOR = YES;
				GCC_WARN_UNINITIALIZED_AUTOS = YES_AGGRESSIVE;
				GCC_WARN_UNUSED_FUNCTION = YES;
				GCC_WARN_UNUSED_VARIABLE = YES;
				IPHONEOS_DEPLOYMENT_TARGET = 14.5;
				MTL_ENABLE_DEBUG_INFO = INCLUDE_SOURCE;
				MTL_FAST_MATH = YES;
				ONLY_ACTIVE_ARCH = YES;
				SDKROOT = iphoneos;
				SWIFT_ACTIVE_COMPILATION_CONDITIONS = DEBUG;
				SWIFT_OPTIMIZATION_LEVEL = "-Onone";
			};
			name = Debug;
		};
		478D795A269B896000910A34 /* Release */ = {
			isa = XCBuildConfiguration;
			buildSettings = {
				ALWAYS_SEARCH_USER_PATHS = NO;
				CLANG_ANALYZER_NONNULL = YES;
				CLANG_ANALYZER_NUMBER_OBJECT_CONVERSION = YES_AGGRESSIVE;
				CLANG_CXX_LANGUAGE_STANDARD = "gnu++14";
				CLANG_CXX_LIBRARY = "libc++";
				CLANG_ENABLE_MODULES = YES;
				CLANG_ENABLE_OBJC_ARC = YES;
				CLANG_ENABLE_OBJC_WEAK = YES;
				CLANG_WARN_BLOCK_CAPTURE_AUTORELEASING = YES;
				CLANG_WARN_BOOL_CONVERSION = YES;
				CLANG_WARN_COMMA = YES;
				CLANG_WARN_CONSTANT_CONVERSION = YES;
				CLANG_WARN_DEPRECATED_OBJC_IMPLEMENTATIONS = YES;
				CLANG_WARN_DIRECT_OBJC_ISA_USAGE = YES_ERROR;
				CLANG_WARN_DOCUMENTATION_COMMENTS = YES;
				CLANG_WARN_EMPTY_BODY = YES;
				CLANG_WARN_ENUM_CONVERSION = YES;
				CLANG_WARN_INFINITE_RECURSION = YES;
				CLANG_WARN_INT_CONVERSION = YES;
				CLANG_WARN_NON_LITERAL_NULL_CONVERSION = YES;
				CLANG_WARN_OBJC_IMPLICIT_RETAIN_SELF = YES;
				CLANG_WARN_OBJC_LITERAL_CONVERSION = YES;
				CLANG_WARN_OBJC_ROOT_CLASS = YES_ERROR;
				CLANG_WARN_QUOTED_INCLUDE_IN_FRAMEWORK_HEADER = YES;
				CLANG_WARN_RANGE_LOOP_ANALYSIS = YES;
				CLANG_WARN_STRICT_PROTOTYPES = YES;
				CLANG_WARN_SUSPICIOUS_MOVE = YES;
				CLANG_WARN_UNGUARDED_AVAILABILITY = YES_AGGRESSIVE;
				CLANG_WARN_UNREACHABLE_CODE = YES;
				CLANG_WARN__DUPLICATE_METHOD_MATCH = YES;
				COPY_PHASE_STRIP = NO;
				DEBUG_INFORMATION_FORMAT = "dwarf-with-dsym";
				ENABLE_NS_ASSERTIONS = NO;
				ENABLE_STRICT_OBJC_MSGSEND = YES;
				GCC_C_LANGUAGE_STANDARD = gnu11;
				GCC_NO_COMMON_BLOCKS = YES;
				GCC_WARN_64_TO_32_BIT_CONVERSION = YES;
				GCC_WARN_ABOUT_RETURN_TYPE = YES_ERROR;
				GCC_WARN_UNDECLARED_SELECTOR = YES;
				GCC_WARN_UNINITIALIZED_AUTOS = YES_AGGRESSIVE;
				GCC_WARN_UNUSED_FUNCTION = YES;
				GCC_WARN_UNUSED_VARIABLE = YES;
				IPHONEOS_DEPLOYMENT_TARGET = 14.5;
				MTL_ENABLE_DEBUG_INFO = NO;
				MTL_FAST_MATH = YES;
				SDKROOT = iphoneos;
				SWIFT_COMPILATION_MODE = wholemodule;
				SWIFT_OPTIMIZATION_LEVEL = "-O";
				VALIDATE_PRODUCT = YES;
			};
			name = Release;
		};
		478D795C269B896000910A34 /* Debug */ = {
			isa = XCBuildConfiguration;
			buildSettings = {
				ASSETCATALOG_COMPILER_APPICON_NAME = AppIcon;
				ASSETCATALOG_COMPILER_GLOBAL_ACCENT_COLOR_NAME = AccentColor;
				CODE_SIGN_STYLE = Automatic;
				INFOPLIST_FILE = "AirBnb Scroll/Resources/Info.plist";
				LD_RUNPATH_SEARCH_PATHS = (
					"$(inherited)",
					"@executable_path/Frameworks",
				);
				PRODUCT_BUNDLE_IDENTIFIER = "yash.bhojgarhia.AirBnb-Scroll";
				PRODUCT_NAME = "$(TARGET_NAME)";
				SWIFT_VERSION = 5.0;
				TARGETED_DEVICE_FAMILY = "1,2";
			};
			name = Debug;
		};
		478D795D269B896000910A34 /* Release */ = {
			isa = XCBuildConfiguration;
			buildSettings = {
				ASSETCATALOG_COMPILER_APPICON_NAME = AppIcon;
				ASSETCATALOG_COMPILER_GLOBAL_ACCENT_COLOR_NAME = AccentColor;
				CODE_SIGN_STYLE = Automatic;
				INFOPLIST_FILE = "AirBnb Scroll/Resources/Info.plist";
				LD_RUNPATH_SEARCH_PATHS = (
					"$(inherited)",
					"@executable_path/Frameworks",
				);
				PRODUCT_BUNDLE_IDENTIFIER = "yash.bhojgarhia.AirBnb-Scroll";
				PRODUCT_NAME = "$(TARGET_NAME)";
				SWIFT_VERSION = 5.0;
				TARGETED_DEVICE_FAMILY = "1,2";
			};
			name = Release;
		};
/* End XCBuildConfiguration section */

/* Begin XCConfigurationList section */
		478D7942269B895F00910A34 /* Build configuration list for PBXProject "AirBnb Scroll" */ = {
			isa = XCConfigurationList;
			buildConfigurations = (
				478D7959269B896000910A34 /* Debug */,
				478D795A269B896000910A34 /* Release */,
			);
			defaultConfigurationIsVisible = 0;
			defaultConfigurationName = Release;
		};
		478D795B269B896000910A34 /* Build configuration list for PBXNativeTarget "AirBnb Scroll" */ = {
			isa = XCConfigurationList;
			buildConfigurations = (
				478D795C269B896000910A34 /* Debug */,
				478D795D269B896000910A34 /* Release */,
			);
			defaultConfigurationIsVisible = 0;
			defaultConfigurationName = Release;
		};
/* End XCConfigurationList section */

/* Begin XCRemoteSwiftPackageReference section */
		478D7961269B903600910A34 /* XCRemoteSwiftPackageReference "Anchorage" */ = {
			isa = XCRemoteSwiftPackageReference;
			repositoryURL = "https://github.com/Rightpoint/Anchorage.git";
			requirement = {
				kind = upToNextMajorVersion;
				minimumVersion = 4.5.0;
			};
		};
/* End XCRemoteSwiftPackageReference section */

/* Begin XCSwiftPackageProductDependency section */
		478D7962269B903700910A34 /* Anchorage */ = {
			isa = XCSwiftPackageProductDependency;
			package = 478D7961269B903600910A34 /* XCRemoteSwiftPackageReference "Anchorage" */;
			productName = Anchorage;
		};
/* End XCSwiftPackageProductDependency section */
	};
	rootObject = 478D793F269B895F00910A34 /* Project object */;
}
